// !$*UTF8*$!
{
	archiveVersion = 1;
	classes = {
	};
	objectVersion = 52;
	objects = {

/* Begin PBXBuildFile section */
		840A643426BBBA6C00C9E03F /* GroupSearchBar.swift in Sources */ = {isa = PBXBuildFile; fileRef = 840A643326BBBA6C00C9E03F /* GroupSearchBar.swift */; };
		840A643626BBBA8800C9E03F /* GroupSearchBar.xib in Resources */ = {isa = PBXBuildFile; fileRef = 840A643526BBBA8800C9E03F /* GroupSearchBar.xib */; };
		843025FE26B920D60085307C /* LettersControl.swift in Sources */ = {isa = PBXBuildFile; fileRef = 843025FD26B920D60085307C /* LettersControl.swift */; };
		843BC42C26C3A82D00303CE7 /* TransparancyCircleView.swift in Sources */ = {isa = PBXBuildFile; fileRef = 843BC42B26C3A82D00303CE7 /* TransparancyCircleView.swift */; };
		84481BB326AED8DB002CBC86 /* AveliableGroupsTableViewController.swift in Sources */ = {isa = PBXBuildFile; fileRef = 84481BB226AED8DB002CBC86 /* AveliableGroupsTableViewController.swift */; };
		847AEF0B26CE760F00746CB6 /* AnimationController.swift in Sources */ = {isa = PBXBuildFile; fileRef = 847AEF0A26CE760F00746CB6 /* AnimationController.swift */; };
		847AEF0D26CE855600746CB6 /* CustomNavigationController.swift in Sources */ = {isa = PBXBuildFile; fileRef = 847AEF0C26CE855600746CB6 /* CustomNavigationController.swift */; };
		847AEF0F26CE8D9700746CB6 /* CustomSegue.swift in Sources */ = {isa = PBXBuildFile; fileRef = 847AEF0E26CE8D9700746CB6 /* CustomSegue.swift */; };
		847AEF1126CE997D00746CB6 /* CustomPush+PopAnimators.swift in Sources */ = {isa = PBXBuildFile; fileRef = 847AEF1026CE997D00746CB6 /* CustomPush+PopAnimators.swift */; };
		84A0613326BC1B8B00BC0937 /* UserNewsViewController.swift in Sources */ = {isa = PBXBuildFile; fileRef = 84A0613226BC1B8B00BC0937 /* UserNewsViewController.swift */; };
		84A0613726BC1E1B00BC0937 /* UserNewsTableViewCell.swift in Sources */ = {isa = PBXBuildFile; fileRef = 84A0613526BC1E1B00BC0937 /* UserNewsTableViewCell.swift */; };
		84A0613826BC1E1B00BC0937 /* UserNewsTableViewCell.xib in Resources */ = {isa = PBXBuildFile; fileRef = 84A0613626BC1E1B00BC0937 /* UserNewsTableViewCell.xib */; };
		84A0613A26BD181000BC0937 /* News.swift in Sources */ = {isa = PBXBuildFile; fileRef = 84A0613926BD181000BC0937 /* News.swift */; };
		84A5895E26CBB84B00FC9F9F /* ExtensionPanRecognizer.swift in Sources */ = {isa = PBXBuildFile; fileRef = 84A5895D26CBB84B00FC9F9F /* ExtensionPanRecognizer.swift */; };
		84CE038226B82CF1008F6E98 /* FriendsSectionTableViewHeader.xib in Resources */ = {isa = PBXBuildFile; fileRef = 84CE038126B82CF1008F6E98 /* FriendsSectionTableViewHeader.xib */; };
		84CE42EC26B3F16500D80DE2 /* LikesControl.swift in Sources */ = {isa = PBXBuildFile; fileRef = 84CE42EB26B3F16400D80DE2 /* LikesControl.swift */; };
		84DB71CD26B82B4200056C2D /* FriendsSectionTableViewHeader.swift in Sources */ = {isa = PBXBuildFile; fileRef = 84DB71CC26B82B4200056C2D /* FriendsSectionTableViewHeader.swift */; };
		F408AFC926B75088004DBF67 /* FriendPhotoFullScreen.swift in Sources */ = {isa = PBXBuildFile; fileRef = F408AFC826B75088004DBF67 /* FriendPhotoFullScreen.swift */; };
		F408AFCE26B76E51004DBF67 /* FriendsCategory.swift in Sources */ = {isa = PBXBuildFile; fileRef = F408AFCD26B76E51004DBF67 /* FriendsCategory.swift */; };
		F431C0C926B1FDAE0028827E /* AvatarView.swift in Sources */ = {isa = PBXBuildFile; fileRef = F431C0C826B1FDAE0028827E /* AvatarView.swift */; };
		F439420726AE2F7D0037DBE5 /* PhotosCollectionViewCell.swift in Sources */ = {isa = PBXBuildFile; fileRef = F439420626AE2F7D0037DBE5 /* PhotosCollectionViewCell.swift */; };
		F44E001A26D42D6000BD976C /* Reusable.swift in Sources */ = {isa = PBXBuildFile; fileRef = F44E001926D42D6000BD976C /* Reusable.swift */; };
		F44E002026D6BA1E00BD976C /* UserSession.swift in Sources */ = {isa = PBXBuildFile; fileRef = F44E001F26D6BA1E00BD976C /* UserSession.swift */; };
		F44E002F26D95ACD00BD976C /* VKWebViewController.swift in Sources */ = {isa = PBXBuildFile; fileRef = F44E002E26D95ACD00BD976C /* VKWebViewController.swift */; };
		F44E003426D95EAD00BD976C /* NetworkService.swift in Sources */ = {isa = PBXBuildFile; fileRef = F44E003326D95EAD00BD976C /* NetworkService.swift */; };
		F44E004626DC35D500BD976C /* Alamofire in Frameworks */ = {isa = PBXBuildFile; productRef = F44E004526DC35D500BD976C /* Alamofire */; };
		F46CCDCE26C93A220062E6DA /* Cloud.swift in Sources */ = {isa = PBXBuildFile; fileRef = F46CCDCD26C93A220062E6DA /* Cloud.swift */; };
		F46D1DAA26B6B38300822B6A /* LikeShape.swift in Sources */ = {isa = PBXBuildFile; fileRef = F46D1DA926B6B38300822B6A /* LikeShape.swift */; };
		F46D1DAF26B6D32A00822B6A /* LikeButton.swift in Sources */ = {isa = PBXBuildFile; fileRef = F46D1DAE26B6D32A00822B6A /* LikeButton.swift */; };
		F4A4D65526AE12A1001BE376 /* Photo.swift in Sources */ = {isa = PBXBuildFile; fileRef = F4A4D65426AE12A1001BE376 /* Photo.swift */; };
		F4AA579F26BB395F00C5D3D4 /* SliderLetterControl.swift in Sources */ = {isa = PBXBuildFile; fileRef = F4AA579E26BB395F00C5D3D4 /* SliderLetterControl.swift */; };
		F4AA57AC26BE7D3400C5D3D4 /* NewsCellSizeCalculator.swift in Sources */ = {isa = PBXBuildFile; fileRef = F4AA57AB26BE7D3400C5D3D4 /* NewsCellSizeCalculator.swift */; };
		F4B0C85526A5DBBB00B1853C /* AppDelegate.swift in Sources */ = {isa = PBXBuildFile; fileRef = F4B0C85426A5DBBB00B1853C /* AppDelegate.swift */; };
		F4B0C85726A5DBBB00B1853C /* SceneDelegate.swift in Sources */ = {isa = PBXBuildFile; fileRef = F4B0C85626A5DBBB00B1853C /* SceneDelegate.swift */; };
		F4B0C85926A5DBBB00B1853C /* LoginFormViewController.swift in Sources */ = {isa = PBXBuildFile; fileRef = F4B0C85826A5DBBB00B1853C /* LoginFormViewController.swift */; };
		F4B0C85C26A5DBBB00B1853C /* Main.storyboard in Resources */ = {isa = PBXBuildFile; fileRef = F4B0C85A26A5DBBB00B1853C /* Main.storyboard */; };
		F4B0C85E26A5DBBE00B1853C /* Assets.xcassets in Resources */ = {isa = PBXBuildFile; fileRef = F4B0C85D26A5DBBE00B1853C /* Assets.xcassets */; };
		F4B0C86126A5DBBE00B1853C /* LaunchScreen.storyboard in Resources */ = {isa = PBXBuildFile; fileRef = F4B0C85F26A5DBBE00B1853C /* LaunchScreen.storyboard */; };
		F4B0C86C26A5DBBE00B1853C /* vkontakteVSTests.swift in Sources */ = {isa = PBXBuildFile; fileRef = F4B0C86B26A5DBBE00B1853C /* vkontakteVSTests.swift */; };
		F4B0C87726A5DBBE00B1853C /* vkontakteVSUITests.swift in Sources */ = {isa = PBXBuildFile; fileRef = F4B0C87626A5DBBE00B1853C /* vkontakteVSUITests.swift */; };
		F4DDA0E126A86436002DEAE8 /* FriendsViewController.swift in Sources */ = {isa = PBXBuildFile; fileRef = F4DDA0E026A86436002DEAE8 /* FriendsViewController.swift */; };
		F4DDA0E626A871DC002DEAE8 /* FriendPhotosCollectionViewController.swift in Sources */ = {isa = PBXBuildFile; fileRef = F4DDA0E526A871DC002DEAE8 /* FriendPhotosCollectionViewController.swift */; };
		F4DDA0EB26A890A7002DEAE8 /* UserGroupsTableViewController.swift in Sources */ = {isa = PBXBuildFile; fileRef = F4DDA0EA26A890A7002DEAE8 /* UserGroupsTableViewController.swift */; };
		F4DDA0F826AACA04002DEAE8 /* GroupTableViewCell.swift in Sources */ = {isa = PBXBuildFile; fileRef = F4DDA0F726AACA04002DEAE8 /* GroupTableViewCell.swift */; };
		F4F5B10626AAE06900BD17EF /* Group.swift in Sources */ = {isa = PBXBuildFile; fileRef = F4F5B10526AAE06900BD17EF /* Group.swift */; };
		F4F5B10B26AAE3D200BD17EF /* Friends.swift in Sources */ = {isa = PBXBuildFile; fileRef = F4F5B10A26AAE3D200BD17EF /* Friends.swift */; };
		F4F5B11526AAE4B500BD17EF /* FriendTableViewCell.swift in Sources */ = {isa = PBXBuildFile; fileRef = F4F5B11426AAE4B500BD17EF /* FriendTableViewCell.swift */; };
/* End PBXBuildFile section */

/* Begin PBXContainerItemProxy section */
		F4B0C86826A5DBBE00B1853C /* PBXContainerItemProxy */ = {
			isa = PBXContainerItemProxy;
			containerPortal = F4B0C84926A5DBBB00B1853C /* Project object */;
			proxyType = 1;
			remoteGlobalIDString = F4B0C85026A5DBBB00B1853C;
			remoteInfo = vkontakteVS;
		};
		F4B0C87326A5DBBE00B1853C /* PBXContainerItemProxy */ = {
			isa = PBXContainerItemProxy;
			containerPortal = F4B0C84926A5DBBB00B1853C /* Project object */;
			proxyType = 1;
			remoteGlobalIDString = F4B0C85026A5DBBB00B1853C;
			remoteInfo = vkontakteVS;
		};
/* End PBXContainerItemProxy section */

/* Begin PBXFileReference section */
		840A643326BBBA6C00C9E03F /* GroupSearchBar.swift */ = {isa = PBXFileReference; lastKnownFileType = sourcecode.swift; path = GroupSearchBar.swift; sourceTree = "<group>"; };
		840A643526BBBA8800C9E03F /* GroupSearchBar.xib */ = {isa = PBXFileReference; lastKnownFileType = file.xib; path = GroupSearchBar.xib; sourceTree = "<group>"; };
		843025FD26B920D60085307C /* LettersControl.swift */ = {isa = PBXFileReference; lastKnownFileType = sourcecode.swift; path = LettersControl.swift; sourceTree = "<group>"; };
		843BC42B26C3A82D00303CE7 /* TransparancyCircleView.swift */ = {isa = PBXFileReference; lastKnownFileType = sourcecode.swift; path = TransparancyCircleView.swift; sourceTree = "<group>"; };
		84481BB226AED8DB002CBC86 /* AveliableGroupsTableViewController.swift */ = {isa = PBXFileReference; lastKnownFileType = sourcecode.swift; path = AveliableGroupsTableViewController.swift; sourceTree = "<group>"; };
		847AEF0A26CE760F00746CB6 /* AnimationController.swift */ = {isa = PBXFileReference; lastKnownFileType = sourcecode.swift; path = AnimationController.swift; sourceTree = "<group>"; };
		847AEF0C26CE855600746CB6 /* CustomNavigationController.swift */ = {isa = PBXFileReference; lastKnownFileType = sourcecode.swift; path = CustomNavigationController.swift; sourceTree = "<group>"; };
		847AEF0E26CE8D9700746CB6 /* CustomSegue.swift */ = {isa = PBXFileReference; lastKnownFileType = sourcecode.swift; path = CustomSegue.swift; sourceTree = "<group>"; };
		847AEF1026CE997D00746CB6 /* CustomPush+PopAnimators.swift */ = {isa = PBXFileReference; fileEncoding = 4; lastKnownFileType = sourcecode.swift; path = "CustomPush+PopAnimators.swift"; sourceTree = "<group>"; };
		84A0613226BC1B8B00BC0937 /* UserNewsViewController.swift */ = {isa = PBXFileReference; lastKnownFileType = sourcecode.swift; path = UserNewsViewController.swift; sourceTree = "<group>"; };
		84A0613526BC1E1B00BC0937 /* UserNewsTableViewCell.swift */ = {isa = PBXFileReference; lastKnownFileType = sourcecode.swift; path = UserNewsTableViewCell.swift; sourceTree = "<group>"; };
		84A0613626BC1E1B00BC0937 /* UserNewsTableViewCell.xib */ = {isa = PBXFileReference; lastKnownFileType = file.xib; path = UserNewsTableViewCell.xib; sourceTree = "<group>"; };
		84A0613926BD181000BC0937 /* News.swift */ = {isa = PBXFileReference; lastKnownFileType = sourcecode.swift; path = News.swift; sourceTree = "<group>"; };
		84A5895D26CBB84B00FC9F9F /* ExtensionPanRecognizer.swift */ = {isa = PBXFileReference; lastKnownFileType = sourcecode.swift; path = ExtensionPanRecognizer.swift; sourceTree = "<group>"; };
		84CE038126B82CF1008F6E98 /* FriendsSectionTableViewHeader.xib */ = {isa = PBXFileReference; lastKnownFileType = file.xib; path = FriendsSectionTableViewHeader.xib; sourceTree = "<group>"; };
		84CE42EB26B3F16400D80DE2 /* LikesControl.swift */ = {isa = PBXFileReference; lastKnownFileType = sourcecode.swift; path = LikesControl.swift; sourceTree = "<group>"; };
		84DB71CC26B82B4200056C2D /* FriendsSectionTableViewHeader.swift */ = {isa = PBXFileReference; lastKnownFileType = sourcecode.swift; path = FriendsSectionTableViewHeader.swift; sourceTree = "<group>"; };
		F408AFC826B75088004DBF67 /* FriendPhotoFullScreen.swift */ = {isa = PBXFileReference; lastKnownFileType = sourcecode.swift; path = FriendPhotoFullScreen.swift; sourceTree = "<group>"; };
		F408AFCD26B76E51004DBF67 /* FriendsCategory.swift */ = {isa = PBXFileReference; lastKnownFileType = sourcecode.swift; path = FriendsCategory.swift; sourceTree = "<group>"; };
		F431C0C826B1FDAE0028827E /* AvatarView.swift */ = {isa = PBXFileReference; lastKnownFileType = sourcecode.swift; path = AvatarView.swift; sourceTree = "<group>"; };
		F439420626AE2F7D0037DBE5 /* PhotosCollectionViewCell.swift */ = {isa = PBXFileReference; lastKnownFileType = sourcecode.swift; path = PhotosCollectionViewCell.swift; sourceTree = "<group>"; };
		F44E001926D42D6000BD976C /* Reusable.swift */ = {isa = PBXFileReference; lastKnownFileType = sourcecode.swift; path = Reusable.swift; sourceTree = "<group>"; };
		F44E001F26D6BA1E00BD976C /* UserSession.swift */ = {isa = PBXFileReference; lastKnownFileType = sourcecode.swift; path = UserSession.swift; sourceTree = "<group>"; };
		F44E002E26D95ACD00BD976C /* VKWebViewController.swift */ = {isa = PBXFileReference; lastKnownFileType = sourcecode.swift; path = VKWebViewController.swift; sourceTree = "<group>"; };
		F44E003326D95EAD00BD976C /* NetworkService.swift */ = {isa = PBXFileReference; lastKnownFileType = sourcecode.swift; path = NetworkService.swift; sourceTree = "<group>"; };
		F46CCDCD26C93A220062E6DA /* Cloud.swift */ = {isa = PBXFileReference; lastKnownFileType = sourcecode.swift; path = Cloud.swift; sourceTree = "<group>"; };
		F46D1DA926B6B38300822B6A /* LikeShape.swift */ = {isa = PBXFileReference; lastKnownFileType = sourcecode.swift; path = LikeShape.swift; sourceTree = "<group>"; };
		F46D1DAE26B6D32A00822B6A /* LikeButton.swift */ = {isa = PBXFileReference; lastKnownFileType = sourcecode.swift; path = LikeButton.swift; sourceTree = "<group>"; };
		F4A4D65426AE12A1001BE376 /* Photo.swift */ = {isa = PBXFileReference; lastKnownFileType = sourcecode.swift; path = Photo.swift; sourceTree = "<group>"; };
		F4AA579E26BB395F00C5D3D4 /* SliderLetterControl.swift */ = {isa = PBXFileReference; lastKnownFileType = sourcecode.swift; path = SliderLetterControl.swift; sourceTree = "<group>"; };
		F4AA57AB26BE7D3400C5D3D4 /* NewsCellSizeCalculator.swift */ = {isa = PBXFileReference; lastKnownFileType = sourcecode.swift; path = NewsCellSizeCalculator.swift; sourceTree = "<group>"; };
		F4B0C85126A5DBBB00B1853C /* vkontakteVS.app */ = {isa = PBXFileReference; explicitFileType = wrapper.application; includeInIndex = 0; path = vkontakteVS.app; sourceTree = BUILT_PRODUCTS_DIR; };
		F4B0C85426A5DBBB00B1853C /* AppDelegate.swift */ = {isa = PBXFileReference; lastKnownFileType = sourcecode.swift; path = AppDelegate.swift; sourceTree = "<group>"; };
		F4B0C85626A5DBBB00B1853C /* SceneDelegate.swift */ = {isa = PBXFileReference; lastKnownFileType = sourcecode.swift; path = SceneDelegate.swift; sourceTree = "<group>"; };
		F4B0C85826A5DBBB00B1853C /* LoginFormViewController.swift */ = {isa = PBXFileReference; lastKnownFileType = sourcecode.swift; path = LoginFormViewController.swift; sourceTree = "<group>"; };
		F4B0C85B26A5DBBB00B1853C /* Base */ = {isa = PBXFileReference; lastKnownFileType = file.storyboard; name = Base; path = Base.lproj/Main.storyboard; sourceTree = "<group>"; };
		F4B0C85D26A5DBBE00B1853C /* Assets.xcassets */ = {isa = PBXFileReference; lastKnownFileType = folder.assetcatalog; path = Assets.xcassets; sourceTree = "<group>"; };
		F4B0C86026A5DBBE00B1853C /* Base */ = {isa = PBXFileReference; lastKnownFileType = file.storyboard; name = Base; path = Base.lproj/LaunchScreen.storyboard; sourceTree = "<group>"; };
		F4B0C86226A5DBBE00B1853C /* Info.plist */ = {isa = PBXFileReference; lastKnownFileType = text.plist.xml; path = Info.plist; sourceTree = "<group>"; };
		F4B0C86726A5DBBE00B1853C /* vkontakteVSTests.xctest */ = {isa = PBXFileReference; explicitFileType = wrapper.cfbundle; includeInIndex = 0; path = vkontakteVSTests.xctest; sourceTree = BUILT_PRODUCTS_DIR; };
		F4B0C86B26A5DBBE00B1853C /* vkontakteVSTests.swift */ = {isa = PBXFileReference; lastKnownFileType = sourcecode.swift; path = vkontakteVSTests.swift; sourceTree = "<group>"; };
		F4B0C86D26A5DBBE00B1853C /* Info.plist */ = {isa = PBXFileReference; lastKnownFileType = text.plist.xml; path = Info.plist; sourceTree = "<group>"; };
		F4B0C87226A5DBBE00B1853C /* vkontakteVSUITests.xctest */ = {isa = PBXFileReference; explicitFileType = wrapper.cfbundle; includeInIndex = 0; path = vkontakteVSUITests.xctest; sourceTree = BUILT_PRODUCTS_DIR; };
		F4B0C87626A5DBBE00B1853C /* vkontakteVSUITests.swift */ = {isa = PBXFileReference; lastKnownFileType = sourcecode.swift; path = vkontakteVSUITests.swift; sourceTree = "<group>"; };
		F4B0C87826A5DBBE00B1853C /* Info.plist */ = {isa = PBXFileReference; lastKnownFileType = text.plist.xml; path = Info.plist; sourceTree = "<group>"; };
		F4DDA0E026A86436002DEAE8 /* FriendsViewController.swift */ = {isa = PBXFileReference; lastKnownFileType = sourcecode.swift; path = FriendsViewController.swift; sourceTree = "<group>"; };
		F4DDA0E526A871DC002DEAE8 /* FriendPhotosCollectionViewController.swift */ = {isa = PBXFileReference; lastKnownFileType = sourcecode.swift; path = FriendPhotosCollectionViewController.swift; sourceTree = "<group>"; };
		F4DDA0EA26A890A7002DEAE8 /* UserGroupsTableViewController.swift */ = {isa = PBXFileReference; lastKnownFileType = sourcecode.swift; path = UserGroupsTableViewController.swift; sourceTree = "<group>"; };
		F4DDA0F726AACA04002DEAE8 /* GroupTableViewCell.swift */ = {isa = PBXFileReference; lastKnownFileType = sourcecode.swift; path = GroupTableViewCell.swift; sourceTree = "<group>"; };
		F4F5B10526AAE06900BD17EF /* Group.swift */ = {isa = PBXFileReference; lastKnownFileType = sourcecode.swift; path = Group.swift; sourceTree = "<group>"; };
		F4F5B10A26AAE3D200BD17EF /* Friends.swift */ = {isa = PBXFileReference; lastKnownFileType = sourcecode.swift; path = Friends.swift; sourceTree = "<group>"; };
		F4F5B11426AAE4B500BD17EF /* FriendTableViewCell.swift */ = {isa = PBXFileReference; lastKnownFileType = sourcecode.swift; path = FriendTableViewCell.swift; sourceTree = "<group>"; };
/* End PBXFileReference section */

/* Begin PBXFrameworksBuildPhase section */
		F4B0C84E26A5DBBB00B1853C /* Frameworks */ = {
			isa = PBXFrameworksBuildPhase;
			buildActionMask = 2147483647;
			files = (
				F44E004626DC35D500BD976C /* Alamofire in Frameworks */,
			);
			runOnlyForDeploymentPostprocessing = 0;
		};
		F4B0C86426A5DBBE00B1853C /* Frameworks */ = {
			isa = PBXFrameworksBuildPhase;
			buildActionMask = 2147483647;
			files = (
			);
			runOnlyForDeploymentPostprocessing = 0;
		};
		F4B0C86F26A5DBBE00B1853C /* Frameworks */ = {
			isa = PBXFrameworksBuildPhase;
			buildActionMask = 2147483647;
			files = (
			);
			runOnlyForDeploymentPostprocessing = 0;
		};
/* End PBXFrameworksBuildPhase section */

/* Begin PBXGroup section */
		840A643226BBB9E000C9E03F /* Custom */ = {
			isa = PBXGroup;
			children = (
				840A643326BBBA6C00C9E03F /* GroupSearchBar.swift */,
				840A643526BBBA8800C9E03F /* GroupSearchBar.xib */,
			);
			path = Custom;
			sourceTree = "<group>";
		};
		843025FC26B9206C0085307C /* Controls */ = {
			isa = PBXGroup;
			children = (
				843025FD26B920D60085307C /* LettersControl.swift */,
				F4AA579E26BB395F00C5D3D4 /* SliderLetterControl.swift */,
			);
			path = Controls;
			sourceTree = "<group>";
		};
		843BC42A26C3A7C000303CE7 /* Animation */ = {
			isa = PBXGroup;
			children = (
				843BC42B26C3A82D00303CE7 /* TransparancyCircleView.swift */,
				F46CCDCD26C93A220062E6DA /* Cloud.swift */,
			);
			path = Animation;
			sourceTree = "<group>";
		};
		84A0613126BC1AA700BC0937 /* UserNews */ = {
			isa = PBXGroup;
			children = (
				84A0613426BC1DDF00BC0937 /* Cell */,
				84A0613226BC1B8B00BC0937 /* UserNewsViewController.swift */,
			);
			path = UserNews;
			sourceTree = "<group>";
		};
		84A0613426BC1DDF00BC0937 /* Cell */ = {
			isa = PBXGroup;
			children = (
				84A0613526BC1E1B00BC0937 /* UserNewsTableViewCell.swift */,
				84A0613626BC1E1B00BC0937 /* UserNewsTableViewCell.xib */,
				F4AA57AB26BE7D3400C5D3D4 /* NewsCellSizeCalculator.swift */,
			);
			path = Cell;
			sourceTree = "<group>";
		};
		84A5895C26CBB7F900FC9F9F /* Helpers */ = {
			isa = PBXGroup;
			children = (
				84A5895D26CBB84B00FC9F9F /* ExtensionPanRecognizer.swift */,
				847AEF0A26CE760F00746CB6 /* AnimationController.swift */,
				847AEF0C26CE855600746CB6 /* CustomNavigationController.swift */,
				847AEF0E26CE8D9700746CB6 /* CustomSegue.swift */,
				847AEF1026CE997D00746CB6 /* CustomPush+PopAnimators.swift */,
				F44E001926D42D6000BD976C /* Reusable.swift */,
			);
			path = Helpers;
			sourceTree = "<group>";
		};
		84CE42ED26B3F18500D80DE2 /* PhotosFriends */ = {
			isa = PBXGroup;
			children = (
				F439420626AE2F7D0037DBE5 /* PhotosCollectionViewCell.swift */,
				84CE42EB26B3F16400D80DE2 /* LikesControl.swift */,
				F4DDA0E526A871DC002DEAE8 /* FriendPhotosCollectionViewController.swift */,
				F408AFC826B75088004DBF67 /* FriendPhotoFullScreen.swift */,
			);
			path = PhotosFriends;
			sourceTree = "<group>";
		};
		84DB71CE26B82B4C00056C2D /* SectionHeader */ = {
			isa = PBXGroup;
			children = (
				84DB71CC26B82B4200056C2D /* FriendsSectionTableViewHeader.swift */,
				84CE038126B82CF1008F6E98 /* FriendsSectionTableViewHeader.xib */,
			);
			path = SectionHeader;
			sourceTree = "<group>";
		};
		F431C0C426B1F8010028827E /* Custom */ = {
			isa = PBXGroup;
			children = (
				843025FC26B9206C0085307C /* Controls */,
				84DB71CE26B82B4C00056C2D /* SectionHeader */,
				F431C0C826B1FDAE0028827E /* AvatarView.swift */,
			);
			path = Custom;
			sourceTree = "<group>";
		};
		F44E001E26D6B99A00BD976C /* Patterns */ = {
			isa = PBXGroup;
			children = (
				F44E001F26D6BA1E00BD976C /* UserSession.swift */,
			);
			path = Patterns;
			sourceTree = "<group>";
		};
		F44E002A26D9596800BD976C /* Network */ = {
			isa = PBXGroup;
			children = (
				F44E003326D95EAD00BD976C /* NetworkService.swift */,
			);
			path = Network;
			sourceTree = "<group>";
		};
		F4B0C84826A5DBBB00B1853C = {
			isa = PBXGroup;
			children = (
				F4B0C85326A5DBBB00B1853C /* vkontakteVS */,
				F4B0C86A26A5DBBE00B1853C /* vkontakteVSTests */,
				F4B0C87526A5DBBE00B1853C /* vkontakteVSUITests */,
				F4B0C85226A5DBBB00B1853C /* Products */,
			);
			sourceTree = "<group>";
		};
		F4B0C85226A5DBBB00B1853C /* Products */ = {
			isa = PBXGroup;
			children = (
				F4B0C85126A5DBBB00B1853C /* vkontakteVS.app */,
				F4B0C86726A5DBBE00B1853C /* vkontakteVSTests.xctest */,
				F4B0C87226A5DBBE00B1853C /* vkontakteVSUITests.xctest */,
			);
			name = Products;
			sourceTree = "<group>";
		};
		F4B0C85326A5DBBB00B1853C /* vkontakteVS */ = {
			isa = PBXGroup;
			children = (
				F44E002A26D9596800BD976C /* Network */,
				F44E001E26D6B99A00BD976C /* Patterns */,
				84A5895C26CBB7F900FC9F9F /* Helpers */,
				F4DDA0F426AAC95D002DEAE8 /* Scenes */,
				F4B0C85426A5DBBB00B1853C /* AppDelegate.swift */,
				F4B0C85626A5DBBB00B1853C /* SceneDelegate.swift */,
				F4B0C85A26A5DBBB00B1853C /* Main.storyboard */,
				F4B0C85D26A5DBBE00B1853C /* Assets.xcassets */,
				F4B0C85F26A5DBBE00B1853C /* LaunchScreen.storyboard */,
				F4B0C86226A5DBBE00B1853C /* Info.plist */,
			);
			path = vkontakteVS;
			sourceTree = "<group>";
		};
		F4B0C86A26A5DBBE00B1853C /* vkontakteVSTests */ = {
			isa = PBXGroup;
			children = (
				F4B0C86B26A5DBBE00B1853C /* vkontakteVSTests.swift */,
				F4B0C86D26A5DBBE00B1853C /* Info.plist */,
			);
			path = vkontakteVSTests;
			sourceTree = "<group>";
		};
		F4B0C87526A5DBBE00B1853C /* vkontakteVSUITests */ = {
			isa = PBXGroup;
			children = (
				F4B0C87626A5DBBE00B1853C /* vkontakteVSUITests.swift */,
				F4B0C87826A5DBBE00B1853C /* Info.plist */,
			);
			path = vkontakteVSUITests;
			sourceTree = "<group>";
		};
		F4DDA0F226AAC8D3002DEAE8 /* Models */ = {
			isa = PBXGroup;
			children = (
				F4F5B10526AAE06900BD17EF /* Group.swift */,
				F408AFCD26B76E51004DBF67 /* FriendsCategory.swift */,
				F4F5B10A26AAE3D200BD17EF /* Friends.swift */,
				F4A4D65426AE12A1001BE376 /* Photo.swift */,
				F46D1DA926B6B38300822B6A /* LikeShape.swift */,
				F46D1DAE26B6D32A00822B6A /* LikeButton.swift */,
				84A0613926BD181000BC0937 /* News.swift */,
			);
			path = Models;
			sourceTree = "<group>";
		};
		F4DDA0F326AAC926002DEAE8 /* UserGroups */ = {
			isa = PBXGroup;
			children = (
				840A643226BBB9E000C9E03F /* Custom */,
				F4DDA0F626AAC9BF002DEAE8 /* Cell */,
				F4DDA0EA26A890A7002DEAE8 /* UserGroupsTableViewController.swift */,
				84481BB226AED8DB002CBC86 /* AveliableGroupsTableViewController.swift */,
			);
			path = UserGroups;
			sourceTree = "<group>";
		};
		F4DDA0F426AAC95D002DEAE8 /* Scenes */ = {
			isa = PBXGroup;
			children = (
				843BC42A26C3A7C000303CE7 /* Animation */,
				F4DDA0F226AAC8D3002DEAE8 /* Models */,
				F4DDA0F526AAC99E002DEAE8 /* Login */,
				F4F5B10F26AAE43400BD17EF /* UserFriends */,
				84A0613126BC1AA700BC0937 /* UserNews */,
				F4DDA0F326AAC926002DEAE8 /* UserGroups */,
			);
			path = Scenes;
			sourceTree = "<group>";
		};
		F4DDA0F526AAC99E002DEAE8 /* Login */ = {
			isa = PBXGroup;
			children = (
				F4B0C85826A5DBBB00B1853C /* LoginFormViewController.swift */,
				F44E002E26D95ACD00BD976C /* VKWebViewController.swift */,
			);
			path = Login;
			sourceTree = "<group>";
		};
		F4DDA0F626AAC9BF002DEAE8 /* Cell */ = {
			isa = PBXGroup;
			children = (
				F4DDA0F726AACA04002DEAE8 /* GroupTableViewCell.swift */,
			);
			path = Cell;
			sourceTree = "<group>";
		};
		F4F5B10F26AAE43400BD17EF /* UserFriends */ = {
			isa = PBXGroup;
			children = (
				84CE42ED26B3F18500D80DE2 /* PhotosFriends */,
				F4F5B11326AAE47C00BD17EF /* Cell */,
				F4DDA0E026A86436002DEAE8 /* FriendsViewController.swift */,
			);
			path = UserFriends;
			sourceTree = "<group>";
		};
		F4F5B11326AAE47C00BD17EF /* Cell */ = {
			isa = PBXGroup;
			children = (
				F431C0C426B1F8010028827E /* Custom */,
				F4F5B11426AAE4B500BD17EF /* FriendTableViewCell.swift */,
			);
			path = Cell;
			sourceTree = "<group>";
		};
/* End PBXGroup section */

/* Begin PBXNativeTarget section */
		F4B0C85026A5DBBB00B1853C /* vkontakteVS */ = {
			isa = PBXNativeTarget;
			buildConfigurationList = F4B0C87B26A5DBBE00B1853C /* Build configuration list for PBXNativeTarget "vkontakteVS" */;
			buildPhases = (
				F4B0C84D26A5DBBB00B1853C /* Sources */,
				F4B0C84E26A5DBBB00B1853C /* Frameworks */,
				F4B0C84F26A5DBBB00B1853C /* Resources */,
			);
			buildRules = (
			);
			dependencies = (
			);
			name = vkontakteVS;
			packageProductDependencies = (
				F44E004526DC35D500BD976C /* Alamofire */,
			);
			productName = vkontakteVS;
			productReference = F4B0C85126A5DBBB00B1853C /* vkontakteVS.app */;
			productType = "com.apple.product-type.application";
		};
		F4B0C86626A5DBBE00B1853C /* vkontakteVSTests */ = {
			isa = PBXNativeTarget;
			buildConfigurationList = F4B0C87E26A5DBBE00B1853C /* Build configuration list for PBXNativeTarget "vkontakteVSTests" */;
			buildPhases = (
				F4B0C86326A5DBBE00B1853C /* Sources */,
				F4B0C86426A5DBBE00B1853C /* Frameworks */,
				F4B0C86526A5DBBE00B1853C /* Resources */,
			);
			buildRules = (
			);
			dependencies = (
				F4B0C86926A5DBBE00B1853C /* PBXTargetDependency */,
			);
			name = vkontakteVSTests;
			productName = vkontakteVSTests;
			productReference = F4B0C86726A5DBBE00B1853C /* vkontakteVSTests.xctest */;
			productType = "com.apple.product-type.bundle.unit-test";
		};
		F4B0C87126A5DBBE00B1853C /* vkontakteVSUITests */ = {
			isa = PBXNativeTarget;
			buildConfigurationList = F4B0C88126A5DBBE00B1853C /* Build configuration list for PBXNativeTarget "vkontakteVSUITests" */;
			buildPhases = (
				F4B0C86E26A5DBBE00B1853C /* Sources */,
				F4B0C86F26A5DBBE00B1853C /* Frameworks */,
				F4B0C87026A5DBBE00B1853C /* Resources */,
			);
			buildRules = (
			);
			dependencies = (
				F4B0C87426A5DBBE00B1853C /* PBXTargetDependency */,
			);
			name = vkontakteVSUITests;
			productName = vkontakteVSUITests;
			productReference = F4B0C87226A5DBBE00B1853C /* vkontakteVSUITests.xctest */;
			productType = "com.apple.product-type.bundle.ui-testing";
		};
/* End PBXNativeTarget section */

/* Begin PBXProject section */
		F4B0C84926A5DBBB00B1853C /* Project object */ = {
			isa = PBXProject;
			attributes = {
				LastSwiftUpdateCheck = 1240;
				LastUpgradeCheck = 1240;
				TargetAttributes = {
					F4B0C85026A5DBBB00B1853C = {
						CreatedOnToolsVersion = 12.4;
					};
					F4B0C86626A5DBBE00B1853C = {
						CreatedOnToolsVersion = 12.4;
						TestTargetID = F4B0C85026A5DBBB00B1853C;
					};
					F4B0C87126A5DBBE00B1853C = {
						CreatedOnToolsVersion = 12.4;
						TestTargetID = F4B0C85026A5DBBB00B1853C;
					};
				};
			};
			buildConfigurationList = F4B0C84C26A5DBBB00B1853C /* Build configuration list for PBXProject "vkontakteVS" */;
			compatibilityVersion = "Xcode 9.3";
			developmentRegion = en;
			hasScannedForEncodings = 0;
			knownRegions = (
				en,
				Base,
			);
			mainGroup = F4B0C84826A5DBBB00B1853C;
			packageReferences = (
				F44E004426DC35D500BD976C /* XCRemoteSwiftPackageReference "Alamofire" */,
			);
			productRefGroup = F4B0C85226A5DBBB00B1853C /* Products */;
			projectDirPath = "";
			projectRoot = "";
			targets = (
				F4B0C85026A5DBBB00B1853C /* vkontakteVS */,
				F4B0C86626A5DBBE00B1853C /* vkontakteVSTests */,
				F4B0C87126A5DBBE00B1853C /* vkontakteVSUITests */,
			);
		};
/* End PBXProject section */

/* Begin PBXResourcesBuildPhase section */
		F4B0C84F26A5DBBB00B1853C /* Resources */ = {
			isa = PBXResourcesBuildPhase;
			buildActionMask = 2147483647;
			files = (
				F4B0C86126A5DBBE00B1853C /* LaunchScreen.storyboard in Resources */,
				F4B0C85E26A5DBBE00B1853C /* Assets.xcassets in Resources */,
				84CE038226B82CF1008F6E98 /* FriendsSectionTableViewHeader.xib in Resources */,
				84A0613826BC1E1B00BC0937 /* UserNewsTableViewCell.xib in Resources */,
				840A643626BBBA8800C9E03F /* GroupSearchBar.xib in Resources */,
				F4B0C85C26A5DBBB00B1853C /* Main.storyboard in Resources */,
			);
			runOnlyForDeploymentPostprocessing = 0;
		};
		F4B0C86526A5DBBE00B1853C /* Resources */ = {
			isa = PBXResourcesBuildPhase;
			buildActionMask = 2147483647;
			files = (
			);
			runOnlyForDeploymentPostprocessing = 0;
		};
		F4B0C87026A5DBBE00B1853C /* Resources */ = {
			isa = PBXResourcesBuildPhase;
			buildActionMask = 2147483647;
			files = (
			);
			runOnlyForDeploymentPostprocessing = 0;
		};
/* End PBXResourcesBuildPhase section */

/* Begin PBXSourcesBuildPhase section */
		F4B0C84D26A5DBBB00B1853C /* Sources */ = {
			isa = PBXSourcesBuildPhase;
			buildActionMask = 2147483647;
			files = (
				840A643426BBBA6C00C9E03F /* GroupSearchBar.swift in Sources */,
				F4AA57AC26BE7D3400C5D3D4 /* NewsCellSizeCalculator.swift in Sources */,
				F408AFCE26B76E51004DBF67 /* FriendsCategory.swift in Sources */,
				84A0613326BC1B8B00BC0937 /* UserNewsViewController.swift in Sources */,
				84CE42EC26B3F16500D80DE2 /* LikesControl.swift in Sources */,
				F4A4D65526AE12A1001BE376 /* Photo.swift in Sources */,
				F4DDA0F826AACA04002DEAE8 /* GroupTableViewCell.swift in Sources */,
				84481BB326AED8DB002CBC86 /* AveliableGroupsTableViewController.swift in Sources */,
				F4B0C85926A5DBBB00B1853C /* LoginFormViewController.swift in Sources */,
				F4B0C85526A5DBBB00B1853C /* AppDelegate.swift in Sources */,
				843BC42C26C3A82D00303CE7 /* TransparancyCircleView.swift in Sources */,
				F46CCDCE26C93A220062E6DA /* Cloud.swift in Sources */,
				843025FE26B920D60085307C /* LettersControl.swift in Sources */,
				847AEF0F26CE8D9700746CB6 /* CustomSegue.swift in Sources */,
				F4F5B11526AAE4B500BD17EF /* FriendTableViewCell.swift in Sources */,
				F44E003426D95EAD00BD976C /* NetworkService.swift in Sources */,
				F44E002026D6BA1E00BD976C /* UserSession.swift in Sources */,
				F439420726AE2F7D0037DBE5 /* PhotosCollectionViewCell.swift in Sources */,
				F4F5B10626AAE06900BD17EF /* Group.swift in Sources */,
				F4DDA0E126A86436002DEAE8 /* FriendsViewController.swift in Sources */,
				F46D1DAA26B6B38300822B6A /* LikeShape.swift in Sources */,
				F431C0C926B1FDAE0028827E /* AvatarView.swift in Sources */,
				F4B0C85726A5DBBB00B1853C /* SceneDelegate.swift in Sources */,
				847AEF0D26CE855600746CB6 /* CustomNavigationController.swift in Sources */,
				847AEF0B26CE760F00746CB6 /* AnimationController.swift in Sources */,
				84A5895E26CBB84B00FC9F9F /* ExtensionPanRecognizer.swift in Sources */,
				84DB71CD26B82B4200056C2D /* FriendsSectionTableViewHeader.swift in Sources */,
				F408AFC926B75088004DBF67 /* FriendPhotoFullScreen.swift in Sources */,
				F4F5B10B26AAE3D200BD17EF /* Friends.swift in Sources */,
				F4DDA0E626A871DC002DEAE8 /* FriendPhotosCollectionViewController.swift in Sources */,
				F46D1DAF26B6D32A00822B6A /* LikeButton.swift in Sources */,
				F44E002F26D95ACD00BD976C /* VKWebViewController.swift in Sources */,
				84A0613726BC1E1B00BC0937 /* UserNewsTableViewCell.swift in Sources */,
				F4AA579F26BB395F00C5D3D4 /* SliderLetterControl.swift in Sources */,
				84A0613A26BD181000BC0937 /* News.swift in Sources */,
				F4DDA0EB26A890A7002DEAE8 /* UserGroupsTableViewController.swift in Sources */,
				847AEF1126CE997D00746CB6 /* CustomPush+PopAnimators.swift in Sources */,
				F44E001A26D42D6000BD976C /* Reusable.swift in Sources */,
			);
			runOnlyForDeploymentPostprocessing = 0;
		};
		F4B0C86326A5DBBE00B1853C /* Sources */ = {
			isa = PBXSourcesBuildPhase;
			buildActionMask = 2147483647;
			files = (
				F4B0C86C26A5DBBE00B1853C /* vkontakteVSTests.swift in Sources */,
			);
			runOnlyForDeploymentPostprocessing = 0;
		};
		F4B0C86E26A5DBBE00B1853C /* Sources */ = {
			isa = PBXSourcesBuildPhase;
			buildActionMask = 2147483647;
			files = (
				F4B0C87726A5DBBE00B1853C /* vkontakteVSUITests.swift in Sources */,
			);
			runOnlyForDeploymentPostprocessing = 0;
		};
/* End PBXSourcesBuildPhase section */

/* Begin PBXTargetDependency section */
		F4B0C86926A5DBBE00B1853C /* PBXTargetDependency */ = {
			isa = PBXTargetDependency;
			target = F4B0C85026A5DBBB00B1853C /* vkontakteVS */;
			targetProxy = F4B0C86826A5DBBE00B1853C /* PBXContainerItemProxy */;
		};
		F4B0C87426A5DBBE00B1853C /* PBXTargetDependency */ = {
			isa = PBXTargetDependency;
			target = F4B0C85026A5DBBB00B1853C /* vkontakteVS */;
			targetProxy = F4B0C87326A5DBBE00B1853C /* PBXContainerItemProxy */;
		};
/* End PBXTargetDependency section */

/* Begin PBXVariantGroup section */
		F4B0C85A26A5DBBB00B1853C /* Main.storyboard */ = {
			isa = PBXVariantGroup;
			children = (
				F4B0C85B26A5DBBB00B1853C /* Base */,
			);
			name = Main.storyboard;
			sourceTree = "<group>";
		};
		F4B0C85F26A5DBBE00B1853C /* LaunchScreen.storyboard */ = {
			isa = PBXVariantGroup;
			children = (
				F4B0C86026A5DBBE00B1853C /* Base */,
			);
			name = LaunchScreen.storyboard;
			sourceTree = "<group>";
		};
/* End PBXVariantGroup section */

/* Begin XCBuildConfiguration section */
		F4B0C87926A5DBBE00B1853C /* Debug */ = {
			isa = XCBuildConfiguration;
			buildSettings = {
				ALWAYS_SEARCH_USER_PATHS = NO;
				CLANG_ANALYZER_NONNULL = YES;
				CLANG_ANALYZER_NUMBER_OBJECT_CONVERSION = YES_AGGRESSIVE;
				CLANG_CXX_LANGUAGE_STANDARD = "gnu++14";
				CLANG_CXX_LIBRARY = "libc++";
				CLANG_ENABLE_MODULES = YES;
				CLANG_ENABLE_OBJC_ARC = YES;
				CLANG_ENABLE_OBJC_WEAK = YES;
				CLANG_WARN_BLOCK_CAPTURE_AUTORELEASING = YES;
				CLANG_WARN_BOOL_CONVERSION = YES;
				CLANG_WARN_COMMA = YES;
				CLANG_WARN_CONSTANT_CONVERSION = YES;
				CLANG_WARN_DEPRECATED_OBJC_IMPLEMENTATIONS = YES;
				CLANG_WARN_DIRECT_OBJC_ISA_USAGE = YES_ERROR;
				CLANG_WARN_DOCUMENTATION_COMMENTS = YES;
				CLANG_WARN_EMPTY_BODY = YES;
				CLANG_WARN_ENUM_CONVERSION = YES;
				CLANG_WARN_INFINITE_RECURSION = YES;
				CLANG_WARN_INT_CONVERSION = YES;
				CLANG_WARN_NON_LITERAL_NULL_CONVERSION = YES;
				CLANG_WARN_OBJC_IMPLICIT_RETAIN_SELF = YES;
				CLANG_WARN_OBJC_LITERAL_CONVERSION = YES;
				CLANG_WARN_OBJC_ROOT_CLASS = YES_ERROR;
				CLANG_WARN_QUOTED_INCLUDE_IN_FRAMEWORK_HEADER = YES;
				CLANG_WARN_RANGE_LOOP_ANALYSIS = YES;
				CLANG_WARN_STRICT_PROTOTYPES = YES;
				CLANG_WARN_SUSPICIOUS_MOVE = YES;
				CLANG_WARN_UNGUARDED_AVAILABILITY = YES_AGGRESSIVE;
				CLANG_WARN_UNREACHABLE_CODE = YES;
				CLANG_WARN__DUPLICATE_METHOD_MATCH = YES;
				COPY_PHASE_STRIP = NO;
				DEBUG_INFORMATION_FORMAT = dwarf;
				ENABLE_STRICT_OBJC_MSGSEND = YES;
				ENABLE_TESTABILITY = YES;
				GCC_C_LANGUAGE_STANDARD = gnu11;
				GCC_DYNAMIC_NO_PIC = NO;
				GCC_NO_COMMON_BLOCKS = YES;
				GCC_OPTIMIZATION_LEVEL = 0;
				GCC_PREPROCESSOR_DEFINITIONS = (
					"DEBUG=1",
					"$(inherited)",
				);
				GCC_WARN_64_TO_32_BIT_CONVERSION = YES;
				GCC_WARN_ABOUT_RETURN_TYPE = YES_ERROR;
				GCC_WARN_UNDECLARED_SELECTOR = YES;
				GCC_WARN_UNINITIALIZED_AUTOS = YES_AGGRESSIVE;
				GCC_WARN_UNUSED_FUNCTION = YES;
				GCC_WARN_UNUSED_VARIABLE = YES;
				IPHONEOS_DEPLOYMENT_TARGET = 14.4;
				MTL_ENABLE_DEBUG_INFO = INCLUDE_SOURCE;
				MTL_FAST_MATH = YES;
				ONLY_ACTIVE_ARCH = YES;
				SDKROOT = iphoneos;
				SWIFT_ACTIVE_COMPILATION_CONDITIONS = DEBUG;
				SWIFT_OPTIMIZATION_LEVEL = "-Onone";
			};
			name = Debug;
		};
		F4B0C87A26A5DBBE00B1853C /* Release */ = {
			isa = XCBuildConfiguration;
			buildSettings = {
				ALWAYS_SEARCH_USER_PATHS = NO;
				CLANG_ANALYZER_NONNULL = YES;
				CLANG_ANALYZER_NUMBER_OBJECT_CONVERSION = YES_AGGRESSIVE;
				CLANG_CXX_LANGUAGE_STANDARD = "gnu++14";
				CLANG_CXX_LIBRARY = "libc++";
				CLANG_ENABLE_MODULES = YES;
				CLANG_ENABLE_OBJC_ARC = YES;
				CLANG_ENABLE_OBJC_WEAK = YES;
				CLANG_WARN_BLOCK_CAPTURE_AUTORELEASING = YES;
				CLANG_WARN_BOOL_CONVERSION = YES;
				CLANG_WARN_COMMA = YES;
				CLANG_WARN_CONSTANT_CONVERSION = YES;
				CLANG_WARN_DEPRECATED_OBJC_IMPLEMENTATIONS = YES;
				CLANG_WARN_DIRECT_OBJC_ISA_USAGE = YES_ERROR;
				CLANG_WARN_DOCUMENTATION_COMMENTS = YES;
				CLANG_WARN_EMPTY_BODY = YES;
				CLANG_WARN_ENUM_CONVERSION = YES;
				CLANG_WARN_INFINITE_RECURSION = YES;
				CLANG_WARN_INT_CONVERSION = YES;
				CLANG_WARN_NON_LITERAL_NULL_CONVERSION = YES;
				CLANG_WARN_OBJC_IMPLICIT_RETAIN_SELF = YES;
				CLANG_WARN_OBJC_LITERAL_CONVERSION = YES;
				CLANG_WARN_OBJC_ROOT_CLASS = YES_ERROR;
				CLANG_WARN_QUOTED_INCLUDE_IN_FRAMEWORK_HEADER = YES;
				CLANG_WARN_RANGE_LOOP_ANALYSIS = YES;
				CLANG_WARN_STRICT_PROTOTYPES = YES;
				CLANG_WARN_SUSPICIOUS_MOVE = YES;
				CLANG_WARN_UNGUARDED_AVAILABILITY = YES_AGGRESSIVE;
				CLANG_WARN_UNREACHABLE_CODE = YES;
				CLANG_WARN__DUPLICATE_METHOD_MATCH = YES;
				COPY_PHASE_STRIP = NO;
				DEBUG_INFORMATION_FORMAT = "dwarf-with-dsym";
				ENABLE_NS_ASSERTIONS = NO;
				ENABLE_STRICT_OBJC_MSGSEND = YES;
				GCC_C_LANGUAGE_STANDARD = gnu11;
				GCC_NO_COMMON_BLOCKS = YES;
				GCC_WARN_64_TO_32_BIT_CONVERSION = YES;
				GCC_WARN_ABOUT_RETURN_TYPE = YES_ERROR;
				GCC_WARN_UNDECLARED_SELECTOR = YES;
				GCC_WARN_UNINITIALIZED_AUTOS = YES_AGGRESSIVE;
				GCC_WARN_UNUSED_FUNCTION = YES;
				GCC_WARN_UNUSED_VARIABLE = YES;
				IPHONEOS_DEPLOYMENT_TARGET = 14.4;
				MTL_ENABLE_DEBUG_INFO = NO;
				MTL_FAST_MATH = YES;
				SDKROOT = iphoneos;
				SWIFT_COMPILATION_MODE = wholemodule;
				SWIFT_OPTIMIZATION_LEVEL = "-O";
				VALIDATE_PRODUCT = YES;
			};
			name = Release;
		};
		F4B0C87C26A5DBBE00B1853C /* Debug */ = {
			isa = XCBuildConfiguration;
			buildSettings = {
				ASSETCATALOG_COMPILER_APPICON_NAME = AppIcon;
				ASSETCATALOG_COMPILER_GLOBAL_ACCENT_COLOR_NAME = AccentColor;
				CODE_SIGN_STYLE = Automatic;
				DEVELOPMENT_TEAM = MKND3P237Y;
				INFOPLIST_FILE = vkontakteVS/Info.plist;
				LD_RUNPATH_SEARCH_PATHS = (
					"$(inherited)",
					"@executable_path/Frameworks",
				);
				PRODUCT_BUNDLE_IDENTIFIER = ru.exit551.vkontakteVS;
				PRODUCT_NAME = "$(TARGET_NAME)";
				SWIFT_VERSION = 5.0;
				TARGETED_DEVICE_FAMILY = "1,2";
			};
			name = Debug;
		};
		F4B0C87D26A5DBBE00B1853C /* Release */ = {
			isa = XCBuildConfiguration;
			buildSettings = {
				ASSETCATALOG_COMPILER_APPICON_NAME = AppIcon;
				ASSETCATALOG_COMPILER_GLOBAL_ACCENT_COLOR_NAME = AccentColor;
				CODE_SIGN_STYLE = Automatic;
				DEVELOPMENT_TEAM = MKND3P237Y;
				INFOPLIST_FILE = vkontakteVS/Info.plist;
				LD_RUNPATH_SEARCH_PATHS = (
					"$(inherited)",
					"@executable_path/Frameworks",
				);
				PRODUCT_BUNDLE_IDENTIFIER = ru.exit551.vkontakteVS;
				PRODUCT_NAME = "$(TARGET_NAME)";
				SWIFT_VERSION = 5.0;
				TARGETED_DEVICE_FAMILY = "1,2";
			};
			name = Release;
		};
		F4B0C87F26A5DBBE00B1853C /* Debug */ = {
			isa = XCBuildConfiguration;
			buildSettings = {
				ALWAYS_EMBED_SWIFT_STANDARD_LIBRARIES = YES;
				BUNDLE_LOADER = "$(TEST_HOST)";
				CODE_SIGN_STYLE = Automatic;
				DEVELOPMENT_TEAM = MKND3P237Y;
				INFOPLIST_FILE = vkontakteVSTests/Info.plist;
				IPHONEOS_DEPLOYMENT_TARGET = 14.4;
				LD_RUNPATH_SEARCH_PATHS = (
					"$(inherited)",
					"@executable_path/Frameworks",
					"@loader_path/Frameworks",
				);
				PRODUCT_BUNDLE_IDENTIFIER = ru.exit551.vkontakteVSTests;
				PRODUCT_NAME = "$(TARGET_NAME)";
				SWIFT_VERSION = 5.0;
				TARGETED_DEVICE_FAMILY = "1,2";
				TEST_HOST = "$(BUILT_PRODUCTS_DIR)/vkontakteVS.app/vkontakteVS";
			};
			name = Debug;
		};
		F4B0C88026A5DBBE00B1853C /* Release */ = {
			isa = XCBuildConfiguration;
			buildSettings = {
				ALWAYS_EMBED_SWIFT_STANDARD_LIBRARIES = YES;
				BUNDLE_LOADER = "$(TEST_HOST)";
				CODE_SIGN_STYLE = Automatic;
				DEVELOPMENT_TEAM = MKND3P237Y;
				INFOPLIST_FILE = vkontakteVSTests/Info.plist;
				IPHONEOS_DEPLOYMENT_TARGET = 14.4;
				LD_RUNPATH_SEARCH_PATHS = (
					"$(inherited)",
					"@executable_path/Frameworks",
					"@loader_path/Frameworks",
				);
				PRODUCT_BUNDLE_IDENTIFIER = ru.exit551.vkontakteVSTests;
				PRODUCT_NAME = "$(TARGET_NAME)";
				SWIFT_VERSION = 5.0;
				TARGETED_DEVICE_FAMILY = "1,2";
				TEST_HOST = "$(BUILT_PRODUCTS_DIR)/vkontakteVS.app/vkontakteVS";
			};
			name = Release;
		};
		F4B0C88226A5DBBE00B1853C /* Debug */ = {
			isa = XCBuildConfiguration;
			buildSettings = {
				ALWAYS_EMBED_SWIFT_STANDARD_LIBRARIES = YES;
				CODE_SIGN_STYLE = Automatic;
				DEVELOPMENT_TEAM = MKND3P237Y;
				INFOPLIST_FILE = vkontakteVSUITests/Info.plist;
				LD_RUNPATH_SEARCH_PATHS = (
					"$(inherited)",
					"@executable_path/Frameworks",
					"@loader_path/Frameworks",
				);
				PRODUCT_BUNDLE_IDENTIFIER = ru.exit551.vkontakteVSUITests;
				PRODUCT_NAME = "$(TARGET_NAME)";
				SWIFT_VERSION = 5.0;
				TARGETED_DEVICE_FAMILY = "1,2";
				TEST_TARGET_NAME = vkontakteVS;
			};
			name = Debug;
		};
		F4B0C88326A5DBBE00B1853C /* Release */ = {
			isa = XCBuildConfiguration;
			buildSettings = {
				ALWAYS_EMBED_SWIFT_STANDARD_LIBRARIES = YES;
				CODE_SIGN_STYLE = Automatic;
				DEVELOPMENT_TEAM = MKND3P237Y;
				INFOPLIST_FILE = vkontakteVSUITests/Info.plist;
				LD_RUNPATH_SEARCH_PATHS = (
					"$(inherited)",
					"@executable_path/Frameworks",
					"@loader_path/Frameworks",
				);
				PRODUCT_BUNDLE_IDENTIFIER = ru.exit551.vkontakteVSUITests;
				PRODUCT_NAME = "$(TARGET_NAME)";
				SWIFT_VERSION = 5.0;
				TARGETED_DEVICE_FAMILY = "1,2";
				TEST_TARGET_NAME = vkontakteVS;
			};
			name = Release;
		};
/* End XCBuildConfiguration section */

/* Begin XCConfigurationList section */
		F4B0C84C26A5DBBB00B1853C /* Build configuration list for PBXProject "vkontakteVS" */ = {
			isa = XCConfigurationList;
			buildConfigurations = (
				F4B0C87926A5DBBE00B1853C /* Debug */,
				F4B0C87A26A5DBBE00B1853C /* Release */,
			);
			defaultConfigurationIsVisible = 0;
			defaultConfigurationName = Release;
		};
		F4B0C87B26A5DBBE00B1853C /* Build configuration list for PBXNativeTarget "vkontakteVS" */ = {
			isa = XCConfigurationList;
			buildConfigurations = (
				F4B0C87C26A5DBBE00B1853C /* Debug */,
				F4B0C87D26A5DBBE00B1853C /* Release */,
			);
			defaultConfigurationIsVisible = 0;
			defaultConfigurationName = Release;
		};
		F4B0C87E26A5DBBE00B1853C /* Build configuration list for PBXNativeTarget "vkontakteVSTests" */ = {
			isa = XCConfigurationList;
			buildConfigurations = (
				F4B0C87F26A5DBBE00B1853C /* Debug */,
				F4B0C88026A5DBBE00B1853C /* Release */,
			);
			defaultConfigurationIsVisible = 0;
			defaultConfigurationName = Release;
		};
		F4B0C88126A5DBBE00B1853C /* Build configuration list for PBXNativeTarget "vkontakteVSUITests" */ = {
			isa = XCConfigurationList;
			buildConfigurations = (
				F4B0C88226A5DBBE00B1853C /* Debug */,
				F4B0C88326A5DBBE00B1853C /* Release */,
			);
			defaultConfigurationIsVisible = 0;
			defaultConfigurationName = Release;
		};
/* End XCConfigurationList section */

/* Begin XCRemoteSwiftPackageReference section */
		F44E004426DC35D500BD976C /* XCRemoteSwiftPackageReference "Alamofire" */ = {
			isa = XCRemoteSwiftPackageReference;
			repositoryURL = "https://github.com/Alamofire/Alamofire.git";
			requirement = {
				kind = upToNextMajorVersion;
				minimumVersion = 5.4.3;
			};
		};
/* End XCRemoteSwiftPackageReference section */

/* Begin XCSwiftPackageProductDependency section */
		F44E004526DC35D500BD976C /* Alamofire */ = {
			isa = XCSwiftPackageProductDependency;
			package = F44E004426DC35D500BD976C /* XCRemoteSwiftPackageReference "Alamofire" */;
			productName = Alamofire;
		};
/* End XCSwiftPackageProductDependency section */
	};
	rootObject = F4B0C84926A5DBBB00B1853C /* Project object */;
}
