// !$*UTF8*$!
{
	archiveVersion = 1;
	classes = {
	};
	objectVersion = 55;
	objects = {

/* Begin PBXBuildFile section */
		F48E0C43276F5B38002BF67B /* AppDelegate.swift in Sources */ = {isa = PBXBuildFile; fileRef = F48E0C42276F5B38002BF67B /* AppDelegate.swift */; };
		F48E0C45276F5B38002BF67B /* SceneDelegate.swift in Sources */ = {isa = PBXBuildFile; fileRef = F48E0C44276F5B38002BF67B /* SceneDelegate.swift */; };
		F48E0C47276F5B38002BF67B /* TasksViewController.swift in Sources */ = {isa = PBXBuildFile; fileRef = F48E0C46276F5B38002BF67B /* TasksViewController.swift */; };
		F48E0C4A276F5B38002BF67B /* Main.storyboard in Resources */ = {isa = PBXBuildFile; fileRef = F48E0C48276F5B38002BF67B /* Main.storyboard */; };
		F48E0C4C276F5B3B002BF67B /* Assets.xcassets in Resources */ = {isa = PBXBuildFile; fileRef = F48E0C4B276F5B3B002BF67B /* Assets.xcassets */; };
		F48E0C4F276F5B3B002BF67B /* LaunchScreen.storyboard in Resources */ = {isa = PBXBuildFile; fileRef = F48E0C4D276F5B3B002BF67B /* LaunchScreen.storyboard */; };
		F48E0C59276F5E57002BF67B /* TaskCell.swift in Sources */ = {isa = PBXBuildFile; fileRef = F48E0C57276F5E57002BF67B /* TaskCell.swift */; };
		F48E0C5A276F5E57002BF67B /* TaskCell.xib in Resources */ = {isa = PBXBuildFile; fileRef = F48E0C58276F5E57002BF67B /* TaskCell.xib */; };
		F48E0C5E276F6201002BF67B /* Reusable.swift in Sources */ = {isa = PBXBuildFile; fileRef = F48E0C5D276F6201002BF67B /* Reusable.swift */; };
		F48E0C61276F6BD4002BF67B /* CompositeTask.swift in Sources */ = {isa = PBXBuildFile; fileRef = F48E0C60276F6BD4002BF67B /* CompositeTask.swift */; };
		F4D4B726276FC4830037ACAB /* ChildVC.swift in Sources */ = {isa = PBXBuildFile; fileRef = F4D4B725276FC4830037ACAB /* ChildVC.swift */; };
		F4D4B729276FD4650037ACAB /* TaskList.swift in Sources */ = {isa = PBXBuildFile; fileRef = F4D4B728276FD4650037ACAB /* TaskList.swift */; };
/* End PBXBuildFile section */

/* Begin PBXFileReference section */
		F48E0C3F276F5B38002BF67B /* TaskListVS.app */ = {isa = PBXFileReference; explicitFileType = wrapper.application; includeInIndex = 0; path = TaskListVS.app; sourceTree = BUILT_PRODUCTS_DIR; };
		F48E0C42276F5B38002BF67B /* AppDelegate.swift */ = {isa = PBXFileReference; lastKnownFileType = sourcecode.swift; path = AppDelegate.swift; sourceTree = "<group>"; };
		F48E0C44276F5B38002BF67B /* SceneDelegate.swift */ = {isa = PBXFileReference; lastKnownFileType = sourcecode.swift; path = SceneDelegate.swift; sourceTree = "<group>"; };
		F48E0C46276F5B38002BF67B /* TasksViewController.swift */ = {isa = PBXFileReference; lastKnownFileType = sourcecode.swift; path = TasksViewController.swift; sourceTree = "<group>"; };
		F48E0C49276F5B38002BF67B /* Base */ = {isa = PBXFileReference; lastKnownFileType = file.storyboard; name = Base; path = Base.lproj/Main.storyboard; sourceTree = "<group>"; };
		F48E0C4B276F5B3B002BF67B /* Assets.xcassets */ = {isa = PBXFileReference; lastKnownFileType = folder.assetcatalog; path = Assets.xcassets; sourceTree = "<group>"; };
		F48E0C4E276F5B3B002BF67B /* Base */ = {isa = PBXFileReference; lastKnownFileType = file.storyboard; name = Base; path = Base.lproj/LaunchScreen.storyboard; sourceTree = "<group>"; };
		F48E0C50276F5B3B002BF67B /* Info.plist */ = {isa = PBXFileReference; lastKnownFileType = text.plist.xml; path = Info.plist; sourceTree = "<group>"; };
		F48E0C57276F5E57002BF67B /* TaskCell.swift */ = {isa = PBXFileReference; lastKnownFileType = sourcecode.swift; path = TaskCell.swift; sourceTree = "<group>"; };
		F48E0C58276F5E57002BF67B /* TaskCell.xib */ = {isa = PBXFileReference; lastKnownFileType = file.xib; path = TaskCell.xib; sourceTree = "<group>"; };
		F48E0C5D276F6201002BF67B /* Reusable.swift */ = {isa = PBXFileReference; lastKnownFileType = sourcecode.swift; path = Reusable.swift; sourceTree = "<group>"; };
		F48E0C60276F6BD4002BF67B /* CompositeTask.swift */ = {isa = PBXFileReference; lastKnownFileType = sourcecode.swift; path = CompositeTask.swift; sourceTree = "<group>"; };
		F4D4B725276FC4830037ACAB /* ChildVC.swift */ = {isa = PBXFileReference; lastKnownFileType = sourcecode.swift; path = ChildVC.swift; sourceTree = "<group>"; };
		F4D4B728276FD4650037ACAB /* TaskList.swift */ = {isa = PBXFileReference; lastKnownFileType = sourcecode.swift; path = TaskList.swift; sourceTree = "<group>"; };
/* End PBXFileReference section */

/* Begin PBXFrameworksBuildPhase section */
		F48E0C3C276F5B38002BF67B /* Frameworks */ = {
			isa = PBXFrameworksBuildPhase;
			buildActionMask = 2147483647;
			files = (
			);
			runOnlyForDeploymentPostprocessing = 0;
		};
/* End PBXFrameworksBuildPhase section */

/* Begin PBXGroup section */
		F48E0C36276F5B38002BF67B = {
			isa = PBXGroup;
			children = (
				F48E0C41276F5B38002BF67B /* TaskListVS */,
				F48E0C40276F5B38002BF67B /* Products */,
			);
			sourceTree = "<group>";
		};
		F48E0C40276F5B38002BF67B /* Products */ = {
			isa = PBXGroup;
			children = (
				F48E0C3F276F5B38002BF67B /* TaskListVS.app */,
			);
			name = Products;
			sourceTree = "<group>";
		};
		F48E0C41276F5B38002BF67B /* TaskListVS */ = {
			isa = PBXGroup;
			children = (
				F4D4B727276FD43B0037ACAB /* Singleton */,
				F48E0C5C276F61E4002BF67B /* Helpers */,
				F48E0C5F276F6B26002BF67B /* Composite */,
				F48E0C56276F5C8B002BF67B /* UI */,
				F48E0C42276F5B38002BF67B /* AppDelegate.swift */,
				F48E0C44276F5B38002BF67B /* SceneDelegate.swift */,
				F48E0C48276F5B38002BF67B /* Main.storyboard */,
				F48E0C4B276F5B3B002BF67B /* Assets.xcassets */,
				F48E0C4D276F5B3B002BF67B /* LaunchScreen.storyboard */,
				F48E0C50276F5B3B002BF67B /* Info.plist */,
			);
			path = TaskListVS;
			sourceTree = "<group>";
		};
		F48E0C56276F5C8B002BF67B /* UI */ = {
			isa = PBXGroup;
			children = (
				F48E0C5B276F5E60002BF67B /* Main */,
				F4D4B724276FC4560037ACAB /* Child */,
			);
			path = UI;
			sourceTree = "<group>";
		};
		F48E0C5B276F5E60002BF67B /* Main */ = {
			isa = PBXGroup;
			children = (
				F48E0C46276F5B38002BF67B /* TasksViewController.swift */,
				F48E0C57276F5E57002BF67B /* TaskCell.swift */,
				F48E0C58276F5E57002BF67B /* TaskCell.xib */,
			);
			path = Main;
			sourceTree = "<group>";
		};
		F48E0C5C276F61E4002BF67B /* Helpers */ = {
			isa = PBXGroup;
			children = (
				F48E0C5D276F6201002BF67B /* Reusable.swift */,
			);
			path = Helpers;
			sourceTree = "<group>";
		};
		F48E0C5F276F6B26002BF67B /* Composite */ = {
			isa = PBXGroup;
			children = (
				F48E0C60276F6BD4002BF67B /* CompositeTask.swift */,
			);
			path = Composite;
			sourceTree = "<group>";
		};
		F4D4B724276FC4560037ACAB /* Child */ = {
			isa = PBXGroup;
			children = (
				F4D4B725276FC4830037ACAB /* ChildVC.swift */,
			);
			path = Child;
			sourceTree = "<group>";
		};
		F4D4B727276FD43B0037ACAB /* Singleton */ = {
			isa = PBXGroup;
			children = (
				F4D4B728276FD4650037ACAB /* TaskList.swift */,
			);
			path = Singleton;
			sourceTree = "<group>";
		};
/* End PBXGroup section */

/* Begin PBXNativeTarget section */
		F48E0C3E276F5B38002BF67B /* TaskListVS */ = {
			isa = PBXNativeTarget;
			buildConfigurationList = F48E0C53276F5B3B002BF67B /* Build configuration list for PBXNativeTarget "TaskListVS" */;
			buildPhases = (
				F48E0C3B276F5B38002BF67B /* Sources */,
				F48E0C3C276F5B38002BF67B /* Frameworks */,
				F48E0C3D276F5B38002BF67B /* Resources */,
			);
			buildRules = (
			);
			dependencies = (
			);
			name = TaskListVS;
			productName = TaskListVS;
			productReference = F48E0C3F276F5B38002BF67B /* TaskListVS.app */;
			productType = "com.apple.product-type.application";
		};
/* End PBXNativeTarget section */

/* Begin PBXProject section */
		F48E0C37276F5B38002BF67B /* Project object */ = {
			isa = PBXProject;
			attributes = {
				BuildIndependentTargetsInParallel = 1;
				LastSwiftUpdateCheck = 1310;
				LastUpgradeCheck = 1310;
				TargetAttributes = {
					F48E0C3E276F5B38002BF67B = {
						CreatedOnToolsVersion = 13.1;
					};
				};
			};
			buildConfigurationList = F48E0C3A276F5B38002BF67B /* Build configuration list for PBXProject "TaskListVS" */;
			compatibilityVersion = "Xcode 13.0";
			developmentRegion = en;
			hasScannedForEncodings = 0;
			knownRegions = (
				en,
				Base,
			);
			mainGroup = F48E0C36276F5B38002BF67B;
			productRefGroup = F48E0C40276F5B38002BF67B /* Products */;
			projectDirPath = "";
			projectRoot = "";
			targets = (
				F48E0C3E276F5B38002BF67B /* TaskListVS */,
			);
		};
/* End PBXProject section */

/* Begin PBXResourcesBuildPhase section */
		F48E0C3D276F5B38002BF67B /* Resources */ = {
			isa = PBXResourcesBuildPhase;
			buildActionMask = 2147483647;
			files = (
				F48E0C5A276F5E57002BF67B /* TaskCell.xib in Resources */,
				F48E0C4F276F5B3B002BF67B /* LaunchScreen.storyboard in Resources */,
				F48E0C4C276F5B3B002BF67B /* Assets.xcassets in Resources */,
				F48E0C4A276F5B38002BF67B /* Main.storyboard in Resources */,
			);
			runOnlyForDeploymentPostprocessing = 0;
		};
/* End PBXResourcesBuildPhase section */

/* Begin PBXSourcesBuildPhase section */
		F48E0C3B276F5B38002BF67B /* Sources */ = {
			isa = PBXSourcesBuildPhase;
			buildActionMask = 2147483647;
			files = (
				F4D4B729276FD4650037ACAB /* TaskList.swift in Sources */,
				F48E0C59276F5E57002BF67B /* TaskCell.swift in Sources */,
				F48E0C47276F5B38002BF67B /* TasksViewController.swift in Sources */,
				F4D4B726276FC4830037ACAB /* ChildVC.swift in Sources */,
				F48E0C43276F5B38002BF67B /* AppDelegate.swift in Sources */,
				F48E0C45276F5B38002BF67B /* SceneDelegate.swift in Sources */,
				F48E0C61276F6BD4002BF67B /* CompositeTask.swift in Sources */,
				F48E0C5E276F6201002BF67B /* Reusable.swift in Sources */,
			);
			runOnlyForDeploymentPostprocessing = 0;
		};
/* End PBXSourcesBuildPhase section */

/* Begin PBXVariantGroup section */
		F48E0C48276F5B38002BF67B /* Main.storyboard */ = {
			isa = PBXVariantGroup;
			children = (
				F48E0C49276F5B38002BF67B /* Base */,
			);
			name = Main.storyboard;
			sourceTree = "<group>";
		};
		F48E0C4D276F5B3B002BF67B /* LaunchScreen.storyboard */ = {
			isa = PBXVariantGroup;
			children = (
				F48E0C4E276F5B3B002BF67B /* Base */,
			);
			name = LaunchScreen.storyboard;
			sourceTree = "<group>";
		};
/* End PBXVariantGroup section */

/* Begin XCBuildConfiguration section */
		F48E0C51276F5B3B002BF67B /* Debug */ = {
			isa = XCBuildConfiguration;
			buildSettings = {
				ALWAYS_SEARCH_USER_PATHS = NO;
				CLANG_ANALYZER_NONNULL = YES;
				CLANG_ANALYZER_NUMBER_OBJECT_CONVERSION = YES_AGGRESSIVE;
				CLANG_CXX_LANGUAGE_STANDARD = "gnu++17";
				CLANG_CXX_LIBRARY = "libc++";
				CLANG_ENABLE_MODULES = YES;
				CLANG_ENABLE_OBJC_ARC = YES;
				CLANG_ENABLE_OBJC_WEAK = YES;
				CLANG_WARN_BLOCK_CAPTURE_AUTORELEASING = YES;
				CLANG_WARN_BOOL_CONVERSION = YES;
				CLANG_WARN_COMMA = YES;
				CLANG_WARN_CONSTANT_CONVERSION = YES;
				CLANG_WARN_DEPRECATED_OBJC_IMPLEMENTATIONS = YES;
				CLANG_WARN_DIRECT_OBJC_ISA_USAGE = YES_ERROR;
				CLANG_WARN_DOCUMENTATION_COMMENTS = YES;
				CLANG_WARN_EMPTY_BODY = YES;
				CLANG_WARN_ENUM_CONVERSION = YES;
				CLANG_WARN_INFINITE_RECURSION = YES;
				CLANG_WARN_INT_CONVERSION = YES;
				CLANG_WARN_NON_LITERAL_NULL_CONVERSION = YES;
				CLANG_WARN_OBJC_IMPLICIT_RETAIN_SELF = YES;
				CLANG_WARN_OBJC_LITERAL_CONVERSION = YES;
				CLANG_WARN_OBJC_ROOT_CLASS = YES_ERROR;
				CLANG_WARN_QUOTED_INCLUDE_IN_FRAMEWORK_HEADER = YES;
				CLANG_WARN_RANGE_LOOP_ANALYSIS = YES;
				CLANG_WARN_STRICT_PROTOTYPES = YES;
				CLANG_WARN_SUSPICIOUS_MOVE = YES;
				CLANG_WARN_UNGUARDED_AVAILABILITY = YES_AGGRESSIVE;
				CLANG_WARN_UNREACHABLE_CODE = YES;
				CLANG_WARN__DUPLICATE_METHOD_MATCH = YES;
				COPY_PHASE_STRIP = NO;
				DEBUG_INFORMATION_FORMAT = dwarf;
				ENABLE_STRICT_OBJC_MSGSEND = YES;
				ENABLE_TESTABILITY = YES;
				GCC_C_LANGUAGE_STANDARD = gnu11;
				GCC_DYNAMIC_NO_PIC = NO;
				GCC_NO_COMMON_BLOCKS = YES;
				GCC_OPTIMIZATION_LEVEL = 0;
				GCC_PREPROCESSOR_DEFINITIONS = (
					"DEBUG=1",
					"$(inherited)",
				);
				GCC_WARN_64_TO_32_BIT_CONVERSION = YES;
				GCC_WARN_ABOUT_RETURN_TYPE = YES_ERROR;
				GCC_WARN_UNDECLARED_SELECTOR = YES;
				GCC_WARN_UNINITIALIZED_AUTOS = YES_AGGRESSIVE;
				GCC_WARN_UNUSED_FUNCTION = YES;
				GCC_WARN_UNUSED_VARIABLE = YES;
				IPHONEOS_DEPLOYMENT_TARGET = 15.0;
				MTL_ENABLE_DEBUG_INFO = INCLUDE_SOURCE;
				MTL_FAST_MATH = YES;
				ONLY_ACTIVE_ARCH = YES;
				SDKROOT = iphoneos;
				SWIFT_ACTIVE_COMPILATION_CONDITIONS = DEBUG;
				SWIFT_OPTIMIZATION_LEVEL = "-Onone";
			};
			name = Debug;
		};
		F48E0C52276F5B3B002BF67B /* Release */ = {
			isa = XCBuildConfiguration;
			buildSettings = {
				ALWAYS_SEARCH_USER_PATHS = NO;
				CLANG_ANALYZER_NONNULL = YES;
				CLANG_ANALYZER_NUMBER_OBJECT_CONVERSION = YES_AGGRESSIVE;
				CLANG_CXX_LANGUAGE_STANDARD = "gnu++17";
				CLANG_CXX_LIBRARY = "libc++";
				CLANG_ENABLE_MODULES = YES;
				CLANG_ENABLE_OBJC_ARC = YES;
				CLANG_ENABLE_OBJC_WEAK = YES;
				CLANG_WARN_BLOCK_CAPTURE_AUTORELEASING = YES;
				CLANG_WARN_BOOL_CONVERSION = YES;
				CLANG_WARN_COMMA = YES;
				CLANG_WARN_CONSTANT_CONVERSION = YES;
				CLANG_WARN_DEPRECATED_OBJC_IMPLEMENTATIONS = YES;
				CLANG_WARN_DIRECT_OBJC_ISA_USAGE = YES_ERROR;
				CLANG_WARN_DOCUMENTATION_COMMENTS = YES;
				CLANG_WARN_EMPTY_BODY = YES;
				CLANG_WARN_ENUM_CONVERSION = YES;
				CLANG_WARN_INFINITE_RECURSION = YES;
				CLANG_WARN_INT_CONVERSION = YES;
				CLANG_WARN_NON_LITERAL_NULL_CONVERSION = YES;
				CLANG_WARN_OBJC_IMPLICIT_RETAIN_SELF = YES;
				CLANG_WARN_OBJC_LITERAL_CONVERSION = YES;
				CLANG_WARN_OBJC_ROOT_CLASS = YES_ERROR;
				CLANG_WARN_QUOTED_INCLUDE_IN_FRAMEWORK_HEADER = YES;
				CLANG_WARN_RANGE_LOOP_ANALYSIS = YES;
				CLANG_WARN_STRICT_PROTOTYPES = YES;
				CLANG_WARN_SUSPICIOUS_MOVE = YES;
				CLANG_WARN_UNGUARDED_AVAILABILITY = YES_AGGRESSIVE;
				CLANG_WARN_UNREACHABLE_CODE = YES;
				CLANG_WARN__DUPLICATE_METHOD_MATCH = YES;
				COPY_PHASE_STRIP = NO;
				DEBUG_INFORMATION_FORMAT = "dwarf-with-dsym";
				ENABLE_NS_ASSERTIONS = NO;
				ENABLE_STRICT_OBJC_MSGSEND = YES;
				GCC_C_LANGUAGE_STANDARD = gnu11;
				GCC_NO_COMMON_BLOCKS = YES;
				GCC_WARN_64_TO_32_BIT_CONVERSION = YES;
				GCC_WARN_ABOUT_RETURN_TYPE = YES_ERROR;
				GCC_WARN_UNDECLARED_SELECTOR = YES;
				GCC_WARN_UNINITIALIZED_AUTOS = YES_AGGRESSIVE;
				GCC_WARN_UNUSED_FUNCTION = YES;
				GCC_WARN_UNUSED_VARIABLE = YES;
				IPHONEOS_DEPLOYMENT_TARGET = 15.0;
				MTL_ENABLE_DEBUG_INFO = NO;
				MTL_FAST_MATH = YES;
				SDKROOT = iphoneos;
				SWIFT_COMPILATION_MODE = wholemodule;
				SWIFT_OPTIMIZATION_LEVEL = "-O";
				VALIDATE_PRODUCT = YES;
			};
			name = Release;
		};
		F48E0C54276F5B3B002BF67B /* Debug */ = {
			isa = XCBuildConfiguration;
			buildSettings = {
				ASSETCATALOG_COMPILER_APPICON_NAME = AppIcon;
				ASSETCATALOG_COMPILER_GLOBAL_ACCENT_COLOR_NAME = AccentColor;
				CODE_SIGN_STYLE = Automatic;
				CURRENT_PROJECT_VERSION = 1;
				GENERATE_INFOPLIST_FILE = YES;
				INFOPLIST_FILE = TaskListVS/Info.plist;
				INFOPLIST_KEY_UIApplicationSupportsIndirectInputEvents = YES;
				INFOPLIST_KEY_UILaunchStoryboardName = LaunchScreen;
				INFOPLIST_KEY_UIMainStoryboardFile = Main;
				INFOPLIST_KEY_UISupportedInterfaceOrientations_iPad = "UIInterfaceOrientationPortrait UIInterfaceOrientationPortraitUpsideDown UIInterfaceOrientationLandscapeLeft UIInterfaceOrientationLandscapeRight";
				INFOPLIST_KEY_UISupportedInterfaceOrientations_iPhone = "UIInterfaceOrientationPortrait UIInterfaceOrientationLandscapeLeft UIInterfaceOrientationLandscapeRight";
				LD_RUNPATH_SEARCH_PATHS = (
					"$(inherited)",
					"@executable_path/Frameworks",
				);
				MARKETING_VERSION = 1.0;
				PRODUCT_BUNDLE_IDENTIFIER = exit551.TaskListVS;
				PRODUCT_NAME = "$(TARGET_NAME)";
				SWIFT_EMIT_LOC_STRINGS = YES;
				SWIFT_VERSION = 5.0;
				TARGETED_DEVICE_FAMILY = "1,2";
			};
			name = Debug;
		};
		F48E0C55276F5B3B002BF67B /* Release */ = {
			isa = XCBuildConfiguration;
			buildSettings = {
				ASSETCATALOG_COMPILER_APPICON_NAME = AppIcon;
				ASSETCATALOG_COMPILER_GLOBAL_ACCENT_COLOR_NAME = AccentColor;
				CODE_SIGN_STYLE = Automatic;
				CURRENT_PROJECT_VERSION = 1;
				GENERATE_INFOPLIST_FILE = YES;
				INFOPLIST_FILE = TaskListVS/Info.plist;
				INFOPLIST_KEY_UIApplicationSupportsIndirectInputEvents = YES;
				INFOPLIST_KEY_UILaunchStoryboardName = LaunchScreen;
				INFOPLIST_KEY_UIMainStoryboardFile = Main;
				INFOPLIST_KEY_UISupportedInterfaceOrientations_iPad = "UIInterfaceOrientationPortrait UIInterfaceOrientationPortraitUpsideDown UIInterfaceOrientationLandscapeLeft UIInterfaceOrientationLandscapeRight";
				INFOPLIST_KEY_UISupportedInterfaceOrientations_iPhone = "UIInterfaceOrientationPortrait UIInterfaceOrientationLandscapeLeft UIInterfaceOrientationLandscapeRight";
				LD_RUNPATH_SEARCH_PATHS = (
					"$(inherited)",
					"@executable_path/Frameworks",
				);
				MARKETING_VERSION = 1.0;
				PRODUCT_BUNDLE_IDENTIFIER = exit551.TaskListVS;
				PRODUCT_NAME = "$(TARGET_NAME)";
				SWIFT_EMIT_LOC_STRINGS = YES;
				SWIFT_VERSION = 5.0;
				TARGETED_DEVICE_FAMILY = "1,2";
			};
			name = Release;
		};
/* End XCBuildConfiguration section */

/* Begin XCConfigurationList section */
		F48E0C3A276F5B38002BF67B /* Build configuration list for PBXProject "TaskListVS" */ = {
			isa = XCConfigurationList;
			buildConfigurations = (
				F48E0C51276F5B3B002BF67B /* Debug */,
				F48E0C52276F5B3B002BF67B /* Release */,
			);
			defaultConfigurationIsVisible = 0;
			defaultConfigurationName = Release;
		};
		F48E0C53276F5B3B002BF67B /* Build configuration list for PBXNativeTarget "TaskListVS" */ = {
			isa = XCConfigurationList;
			buildConfigurations = (
				F48E0C54276F5B3B002BF67B /* Debug */,
				F48E0C55276F5B3B002BF67B /* Release */,
			);
			defaultConfigurationIsVisible = 0;
			defaultConfigurationName = Release;
		};
/* End XCConfigurationList section */
	};
	rootObject = F48E0C37276F5B38002BF67B /* Project object */;
}
